// !$*UTF8*$!
{
	archiveVersion = 1;
	classes = {
	};
	objectVersion = 46;
	objects = {

/* Begin PBXBuildFile section */
		B50DE831152CB94B00FFB6AD /* Cocoa.framework in Frameworks */ = {isa = PBXBuildFile; fileRef = B50DE830152CB94B00FFB6AD /* Cocoa.framework */; };
		B50DE83B152CB94B00FFB6AD /* InfoPlist.strings in Resources */ = {isa = PBXBuildFile; fileRef = B50DE839152CB94B00FFB6AD /* InfoPlist.strings */; };
		B50DE83D152CB94B00FFB6AD /* main.m in Sources */ = {isa = PBXBuildFile; fileRef = B50DE83C152CB94B00FFB6AD /* main.m */; };
		B50DE841152CB94B00FFB6AD /* Credits.rtf in Resources */ = {isa = PBXBuildFile; fileRef = B50DE83F152CB94B00FFB6AD /* Credits.rtf */; };
		B50DE844152CB94B00FFB6AD /* RBAppDelegate.m in Sources */ = {isa = PBXBuildFile; fileRef = B50DE843152CB94B00FFB6AD /* RBAppDelegate.m */; };
		B50DE847152CB94B00FFB6AD /* MainMenu.xib in Resources */ = {isa = PBXBuildFile; fileRef = B50DE845152CB94B00FFB6AD /* MainMenu.xib */; };
		B50DE852152CCBAC00FFB6AD /* stations.plist in Resources */ = {isa = PBXBuildFile; fileRef = B50DE851152CCBAC00FFB6AD /* stations.plist */; };
		B5EA79EC15383022001DAD66 /* QTKit.framework in Frameworks */ = {isa = PBXBuildFile; fileRef = B5DD3E21153090A70065D5D5 /* QTKit.framework */; };
/* End PBXBuildFile section */

/* Begin PBXFileReference section */
		B50DE82C152CB94B00FFB6AD /* Min Radio.app */ = {isa = PBXFileReference; explicitFileType = wrapper.application; includeInIndex = 0; path = "Min Radio.app"; sourceTree = BUILT_PRODUCTS_DIR; };
		B50DE830152CB94B00FFB6AD /* Cocoa.framework */ = {isa = PBXFileReference; lastKnownFileType = wrapper.framework; name = Cocoa.framework; path = System/Library/Frameworks/Cocoa.framework; sourceTree = SDKROOT; };
		B50DE833152CB94B00FFB6AD /* AppKit.framework */ = {isa = PBXFileReference; lastKnownFileType = wrapper.framework; name = AppKit.framework; path = System/Library/Frameworks/AppKit.framework; sourceTree = SDKROOT; };
		B50DE834152CB94B00FFB6AD /* CoreData.framework */ = {isa = PBXFileReference; lastKnownFileType = wrapper.framework; name = CoreData.framework; path = System/Library/Frameworks/CoreData.framework; sourceTree = SDKROOT; };
		B50DE835152CB94B00FFB6AD /* Foundation.framework */ = {isa = PBXFileReference; lastKnownFileType = wrapper.framework; name = Foundation.framework; path = System/Library/Frameworks/Foundation.framework; sourceTree = SDKROOT; };
		B50DE838152CB94B00FFB6AD /* Min Radio-Info.plist */ = {isa = PBXFileReference; lastKnownFileType = text.plist.xml; path = "Min Radio-Info.plist"; sourceTree = "<group>"; };
		B50DE83A152CB94B00FFB6AD /* en */ = {isa = PBXFileReference; lastKnownFileType = text.plist.strings; name = en; path = en.lproj/InfoPlist.strings; sourceTree = "<group>"; };
		B50DE83C152CB94B00FFB6AD /* main.m */ = {isa = PBXFileReference; lastKnownFileType = sourcecode.c.objc; path = main.m; sourceTree = "<group>"; };
		B50DE83E152CB94B00FFB6AD /* Min Radio-Prefix.pch */ = {isa = PBXFileReference; lastKnownFileType = sourcecode.c.h; path = "Min Radio-Prefix.pch"; sourceTree = "<group>"; };
		B50DE840152CB94B00FFB6AD /* en */ = {isa = PBXFileReference; lastKnownFileType = text.rtf; name = en; path = en.lproj/Credits.rtf; sourceTree = "<group>"; };
		B50DE842152CB94B00FFB6AD /* RBAppDelegate.h */ = {isa = PBXFileReference; lastKnownFileType = sourcecode.c.h; path = RBAppDelegate.h; sourceTree = "<group>"; };
		B50DE843152CB94B00FFB6AD /* RBAppDelegate.m */ = {isa = PBXFileReference; lastKnownFileType = sourcecode.c.objc; path = RBAppDelegate.m; sourceTree = "<group>"; };
		B50DE846152CB94B00FFB6AD /* en */ = {isa = PBXFileReference; lastKnownFileType = file.xib; name = en; path = en.lproj/MainMenu.xib; sourceTree = "<group>"; };
		B50DE851152CCBAC00FFB6AD /* stations.plist */ = {isa = PBXFileReference; fileEncoding = 4; lastKnownFileType = text.plist.xml; path = stations.plist; sourceTree = "<group>"; };
		B5DD3E21153090A70065D5D5 /* QTKit.framework */ = {isa = PBXFileReference; lastKnownFileType = wrapper.framework; name = QTKit.framework; path = System/Library/Frameworks/QTKit.framework; sourceTree = SDKROOT; };
/* End PBXFileReference section */

/* Begin PBXFrameworksBuildPhase section */
		B50DE829152CB94B00FFB6AD /* Frameworks */ = {
			isa = PBXFrameworksBuildPhase;
			buildActionMask = 2147483647;
			files = (
				B5EA79EC15383022001DAD66 /* QTKit.framework in Frameworks */,
				B50DE831152CB94B00FFB6AD /* Cocoa.framework in Frameworks */,
			);
			runOnlyForDeploymentPostprocessing = 0;
		};
/* End PBXFrameworksBuildPhase section */

/* Begin PBXGroup section */
		B50DE821152CB94B00FFB6AD = {
			isa = PBXGroup;
			children = (
				B5DD3E21153090A70065D5D5 /* QTKit.framework */,
				B50DE836152CB94B00FFB6AD /* Min Radio */,
				B50DE82F152CB94B00FFB6AD /* Frameworks */,
				B50DE82D152CB94B00FFB6AD /* Products */,
				B50DE851152CCBAC00FFB6AD /* stations.plist */,
			);
			sourceTree = "<group>";
		};
		B50DE82D152CB94B00FFB6AD /* Products */ = {
			isa = PBXGroup;
			children = (
				B50DE82C152CB94B00FFB6AD /* Min Radio.app */,
			);
			name = Products;
			sourceTree = "<group>";
		};
		B50DE82F152CB94B00FFB6AD /* Frameworks */ = {
			isa = PBXGroup;
			children = (
				B50DE830152CB94B00FFB6AD /* Cocoa.framework */,
				B50DE832152CB94B00FFB6AD /* Other Frameworks */,
			);
			name = Frameworks;
			sourceTree = "<group>";
		};
		B50DE832152CB94B00FFB6AD /* Other Frameworks */ = {
			isa = PBXGroup;
			children = (
				B50DE833152CB94B00FFB6AD /* AppKit.framework */,
				B50DE834152CB94B00FFB6AD /* CoreData.framework */,
				B50DE835152CB94B00FFB6AD /* Foundation.framework */,
			);
			name = "Other Frameworks";
			sourceTree = "<group>";
		};
		B50DE836152CB94B00FFB6AD /* Min Radio */ = {
			isa = PBXGroup;
			children = (
				B50DE842152CB94B00FFB6AD /* RBAppDelegate.h */,
				B50DE843152CB94B00FFB6AD /* RBAppDelegate.m */,
				B50DE845152CB94B00FFB6AD /* MainMenu.xib */,
				B50DE837152CB94B00FFB6AD /* Supporting Files */,
			);
			path = "Min Radio";
			sourceTree = "<group>";
		};
		B50DE837152CB94B00FFB6AD /* Supporting Files */ = {
			isa = PBXGroup;
			children = (
				B50DE838152CB94B00FFB6AD /* Min Radio-Info.plist */,
				B50DE839152CB94B00FFB6AD /* InfoPlist.strings */,
				B50DE83C152CB94B00FFB6AD /* main.m */,
				B50DE83E152CB94B00FFB6AD /* Min Radio-Prefix.pch */,
				B50DE83F152CB94B00FFB6AD /* Credits.rtf */,
			);
			name = "Supporting Files";
			sourceTree = "<group>";
		};
/* End PBXGroup section */

/* Begin PBXNativeTarget section */
		B50DE82B152CB94B00FFB6AD /* Min Radio */ = {
			isa = PBXNativeTarget;
			buildConfigurationList = B50DE84A152CB94B00FFB6AD /* Build configuration list for PBXNativeTarget "Min Radio" */;
			buildPhases = (
				B50DE828152CB94B00FFB6AD /* Sources */,
				B50DE829152CB94B00FFB6AD /* Frameworks */,
				B50DE82A152CB94B00FFB6AD /* Resources */,
			);
			buildRules = (
			);
			dependencies = (
			);
			name = "Min Radio";
			productName = "Min Radio";
			productReference = B50DE82C152CB94B00FFB6AD /* Min Radio.app */;
			productType = "com.apple.product-type.application";
		};
/* End PBXNativeTarget section */

/* Begin PBXProject section */
		B50DE823152CB94B00FFB6AD /* Project object */ = {
			isa = PBXProject;
			attributes = {
				CLASSPREFIX = RB;
				LastUpgradeCheck = 0430;
				ORGANIZATIONNAME = "Origogruppen AS";
			};
			buildConfigurationList = B50DE826152CB94B00FFB6AD /* Build configuration list for PBXProject "Min Radio" */;
			compatibilityVersion = "Xcode 3.2";
			developmentRegion = English;
			hasScannedForEncodings = 0;
			knownRegions = (
				en,
			);
			mainGroup = B50DE821152CB94B00FFB6AD;
			productRefGroup = B50DE82D152CB94B00FFB6AD /* Products */;
			projectDirPath = "";
			projectRoot = "";
			targets = (
				B50DE82B152CB94B00FFB6AD /* Min Radio */,
			);
		};
/* End PBXProject section */

/* Begin PBXResourcesBuildPhase section */
		B50DE82A152CB94B00FFB6AD /* Resources */ = {
			isa = PBXResourcesBuildPhase;
			buildActionMask = 2147483647;
			files = (
				B50DE83B152CB94B00FFB6AD /* InfoPlist.strings in Resources */,
				B50DE841152CB94B00FFB6AD /* Credits.rtf in Resources */,
				B50DE847152CB94B00FFB6AD /* MainMenu.xib in Resources */,
				B50DE852152CCBAC00FFB6AD /* stations.plist in Resources */,
			);
			runOnlyForDeploymentPostprocessing = 0;
		};
/* End PBXResourcesBuildPhase section */

/* Begin PBXSourcesBuildPhase section */
		B50DE828152CB94B00FFB6AD /* Sources */ = {
			isa = PBXSourcesBuildPhase;
			buildActionMask = 2147483647;
			files = (
				B50DE83D152CB94B00FFB6AD /* main.m in Sources */,
				B50DE844152CB94B00FFB6AD /* RBAppDelegate.m in Sources */,
			);
			runOnlyForDeploymentPostprocessing = 0;
		};
/* End PBXSourcesBuildPhase section */

/* Begin PBXVariantGroup section */
		B50DE839152CB94B00FFB6AD /* InfoPlist.strings */ = {
			isa = PBXVariantGroup;
			children = (
				B50DE83A152CB94B00FFB6AD /* en */,
			);
			name = InfoPlist.strings;
			sourceTree = "<group>";
		};
		B50DE83F152CB94B00FFB6AD /* Credits.rtf */ = {
			isa = PBXVariantGroup;
			children = (
				B50DE840152CB94B00FFB6AD /* en */,
			);
			name = Credits.rtf;
			sourceTree = "<group>";
		};
		B50DE845152CB94B00FFB6AD /* MainMenu.xib */ = {
			isa = PBXVariantGroup;
			children = (
				B50DE846152CB94B00FFB6AD /* en */,
			);
			name = MainMenu.xib;
			sourceTree = "<group>";
		};
/* End PBXVariantGroup section */

/* Begin XCBuildConfiguration section */
		B50DE848152CB94B00FFB6AD /* Debug */ = {
			isa = XCBuildConfiguration;
			buildSettings = {
				ALWAYS_SEARCH_USER_PATHS = NO;
				ARCHS = "$(ARCHS_STANDARD_64_BIT)";
				COPY_PHASE_STRIP = NO;
				GCC_C_LANGUAGE_STANDARD = gnu99;
				GCC_DYNAMIC_NO_PIC = NO;
				GCC_ENABLE_OBJC_EXCEPTIONS = YES;
				GCC_OPTIMIZATION_LEVEL = 0;
				GCC_PREPROCESSOR_DEFINITIONS = (
					"DEBUG=1",
					"$(inherited)",
				);
				GCC_SYMBOLS_PRIVATE_EXTERN = NO;
				GCC_VERSION = com.apple.compilers.llvm.clang.1_0;
				GCC_WARN_64_TO_32_BIT_CONVERSION = YES;
				GCC_WARN_ABOUT_RETURN_TYPE = YES;
				GCC_WARN_UNINITIALIZED_AUTOS = YES;
				GCC_WARN_UNUSED_VARIABLE = YES;
				MACOSX_DEPLOYMENT_TARGET = 10.7;
				ONLY_ACTIVE_ARCH = YES;
				SDKROOT = macosx;
			};
			name = Debug;
		};
		B50DE849152CB94B00FFB6AD /* Release */ = {
			isa = XCBuildConfiguration;
			buildSettings = {
				ALWAYS_SEARCH_USER_PATHS = NO;
				ARCHS = "$(ARCHS_STANDARD_64_BIT)";
				COPY_PHASE_STRIP = YES;
				DEBUG_INFORMATION_FORMAT = "dwarf-with-dsym";
				GCC_C_LANGUAGE_STANDARD = gnu99;
				GCC_ENABLE_OBJC_EXCEPTIONS = YES;
				GCC_VERSION = com.apple.compilers.llvm.clang.1_0;
				GCC_WARN_64_TO_32_BIT_CONVERSION = YES;
				GCC_WARN_ABOUT_RETURN_TYPE = YES;
				GCC_WARN_UNINITIALIZED_AUTOS = YES;
				GCC_WARN_UNUSED_VARIABLE = YES;
				MACOSX_DEPLOYMENT_TARGET = 10.7;
				SDKROOT = macosx;
			};
			name = Release;
		};
		B50DE84B152CB94B00FFB6AD /* Debug */ = {
			isa = XCBuildConfiguration;
			buildSettings = {
				CODE_SIGN_IDENTITY = "";
				GCC_PRECOMPILE_PREFIX_HEADER = YES;
				GCC_PREFIX_HEADER = "Min Radio/Min Radio-Prefix.pch";
				INFOPLIST_FILE = "Min Radio/Min Radio-Info.plist";
				PRODUCT_NAME = "$(TARGET_NAME)";
				WRAPPER_EXTENSION = app;
			};
			name = Debug;
		};
		B50DE84C152CB94B00FFB6AD /* Release */ = {
			isa = XCBuildConfiguration;
			buildSettings = {
				CODE_SIGN_IDENTITY = "Mac Developer";
				GCC_PRECOMPILE_PREFIX_HEADER = YES;
				GCC_PREFIX_HEADER = "Min Radio/Min Radio-Prefix.pch";
				INFOPLIST_FILE = "Min Radio/Min Radio-Info.plist";
				PRODUCT_NAME = "$(TARGET_NAME)";
				WRAPPER_EXTENSION = app;
			};
			name = Release;
		};
/* End XCBuildConfiguration section */

/* Begin XCConfigurationList section */
		B50DE826152CB94B00FFB6AD /* Build configuration list for PBXProject "Min Radio" */ = {
			isa = XCConfigurationList;
			buildConfigurations = (
				B50DE848152CB94B00FFB6AD /* Debug */,
				B50DE849152CB94B00FFB6AD /* Release */,
			);
			defaultConfigurationIsVisible = 0;
			defaultConfigurationName = Release;
		};
		B50DE84A152CB94B00FFB6AD /* Build configuration list for PBXNativeTarget "Min Radio" */ = {
			isa = XCConfigurationList;
			buildConfigurations = (
				B50DE84B152CB94B00FFB6AD /* Debug */,
				B50DE84C152CB94B00FFB6AD /* Release */,
			);
			defaultConfigurationIsVisible = 0;
			defaultConfigurationName = Release;
		};
/* End XCConfigurationList section */
	};
	rootObject = B50DE823152CB94B00FFB6AD /* Project object */;
}
